
Microsoft Visual Studio Solution File, Format Version 12.00
# Visual Studio Version 16
VisualStudioVersion = 16.0.30225.117
MinimumVisualStudioVersion = 10.0.40219.1
Project("{8BC9CEB8-8B4A-11D0-8D11-00A0C91BC942}") = "Programming-Lab9", "Programming-Lab9\Programming-Lab9.vcxproj", "{23478288-A9CD-440D-A84A-5FF9E9ED3D96}"
EndProject
Global
	GlobalSection(SolutionConfigurationPlatforms) = preSolution
		Debug|x64 = Debug|x64
		Debug|x86 = Debug|x86
		Release|x64 = Release|x64
		Release|x86 = Release|x86
	EndGlobalSection
	GlobalSection(ProjectConfigurationPlatforms) = postSolution
		{23478288-A9CD-440D-A84A-5FF9E9ED3D96}.Debug|x64.ActiveCfg = Debug|x64
		{23478288-A9CD-440D-A84A-5FF9E9ED3D96}.Debug|x64.Build.0 = Debug|x64
		{23478288-A9CD-440D-A84A-5FF9E9ED3D96}.Debug|x86.ActiveCfg = Debug|Win32
		{23478288-A9CD-440D-A84A-5FF9E9ED3D96}.Debug|x86.Build.0 = Debug|Win32
		{23478288-A9CD-440D-A84A-5FF9E9ED3D96}.Release|x64.ActiveCfg = Release|x64
		{23478288-A9CD-440D-A84A-5FF9E9ED3D96}.Release|x64.Build.0 = Release|x64
		{23478288-A9CD-440D-A84A-5FF9E9ED3D96}.Release|x86.ActiveCfg = Release|Win32
		{23478288-A9CD-440D-A84A-5FF9E9ED3D96}.Release|x86.Build.0 = Release|Win32
	EndGlobalSection
	GlobalSection(SolutionProperties) = preSolution
		HideSolutionNode = FALSE
	EndGlobalSection
	GlobalSection(ExtensibilityGlobals) = postSolution
		SolutionGuid = {F44480F4-D624-4031-891A-842C321C855A}
	EndGlobalSection
EndGlobal
